
Microsoft Visual Studio Solution File, Format Version 12.00
# Visual Studio 14
VisualStudioVersion = 14.0.23107.0
MinimumVisualStudioVersion = 10.0.40219.1
Project("{FAE04EC0-301F-11D3-BF4B-00C04F79EFBC}") = "games 2.0", "games 2.0\games 2.0.csproj", "{73479CA8-662D-423F-874F-595D84BF7EAB}"
EndProject
Global
	GlobalSection(SolutionConfigurationPlatforms) = preSolution
		Debug|Any CPU = Debug|Any CPU
		Release|Any CPU = Release|Any CPU
	EndGlobalSection
	GlobalSection(ProjectConfigurationPlatforms) = postSolution
		{73479CA8-662D-423F-874F-595D84BF7EAB}.Debug|Any CPU.ActiveCfg = Debug|Any CPU
		{73479CA8-662D-423F-874F-595D84BF7EAB}.Debug|Any CPU.Build.0 = Debug|Any CPU
		{73479CA8-662D-423F-874F-595D84BF7EAB}.Release|Any CPU.ActiveCfg = Release|Any CPU
		{73479CA8-662D-423F-874F-595D84BF7EAB}.Release|Any CPU.Build.0 = Release|Any CPU
	EndGlobalSection
	GlobalSection(SolutionProperties) = preSolution
		HideSolutionNode = FALSE
	EndGlobalSection
EndGlobal
